github.com/blck-snwmn/playground-go/toolchain/mm v0.0.0-20260123135623-9e2cad0ceb91 h1:oagp+F1al4G1qM+LHyoitWsT0vXQrj7O6lCQneb3Y30=
github.com/blck-snwmn/playground-go/toolchain/mm v0.0.0-20260123135623-9e2cad0ceb91/go.mod h1:Td/1P7AUHILfnogk6jlBpxMKbHwykXDKLrOnS+335AM=
github.com/blck-snwmn/playground-go/toolchain/nn v0.0.0-20260123135623-9e2cad0ceb91 h1:MFfXXQCoOs5s4IWvQkWREAjdSJNvQJBI0lmHOWnQ/Hc=
github.com/blck-snwmn/playground-go/toolchain/nn v0.0.0-20260123135623-9e2cad0ceb91/go.mod h1:szh5hLonDPalLeXcWBGvv+tTVqp2L7sPzYwwf4S9rzU=
